
Microsoft Visual Studio Solution File, Format Version 12.00
# Visual Studio Version 16
VisualStudioVersion = 16.0.32126.315
MinimumVisualStudioVersion = 10.0.40219.1
Project("{FAE04EC0-301F-11D3-BF4B-00C04F79EFBC}") = "ChargerStationGr8", "ChargerStationGr8\ChargerStationGr8.csproj", "{DEEAE912-A90A-4F79-9169-1500DC7F9165}"
EndProject
Global
	GlobalSection(SolutionConfigurationPlatforms) = preSolution
		Debug|Any CPU = Debug|Any CPU
		Release|Any CPU = Release|Any CPU
	EndGlobalSection
	GlobalSection(ProjectConfigurationPlatforms) = postSolution
		{DEEAE912-A90A-4F79-9169-1500DC7F9165}.Debug|Any CPU.ActiveCfg = Debug|Any CPU
		{DEEAE912-A90A-4F79-9169-1500DC7F9165}.Debug|Any CPU.Build.0 = Debug|Any CPU
		{DEEAE912-A90A-4F79-9169-1500DC7F9165}.Release|Any CPU.ActiveCfg = Release|Any CPU
		{DEEAE912-A90A-4F79-9169-1500DC7F9165}.Release|Any CPU.Build.0 = Release|Any CPU
	EndGlobalSection
	GlobalSection(SolutionProperties) = preSolution
		HideSolutionNode = FALSE
	EndGlobalSection
	GlobalSection(ExtensibilityGlobals) = postSolution
		SolutionGuid = {D12CD2CF-2088-45D1-8DA3-B7A5D444D706}
	EndGlobalSection
EndGlobal
