
Microsoft Visual Studio Solution File, Format Version 12.00
# Visual Studio Version 16
VisualStudioVersion = 16.0.32126.315
MinimumVisualStudioVersion = 10.0.40219.1
Project("{9A19103F-16F7-4668-BE54-9A1E7A4F7556}") = "ChargerStationGr8", "ChargerStationGr8\ChargerStationGr8.csproj", "{DEEAE912-A90A-4F79-9169-1500DC7F9165}"
EndProject
Project("{FAE04EC0-301F-11D3-BF4B-00C04F79EFBC}") = "ChargeStationClassLibrary", "ChargeStationClassLibrary\ChargeStationClassLibrary.csproj", "{2F584C42-301B-4C79-AF4E-D0A50EF0F0BA}"
EndProject
Project("{FAE04EC0-301F-11D3-BF4B-00C04F79EFBC}") = "ChargeStationUnitTests", "ChargeStationUnitTests\ChargeStationUnitTests.csproj", "{A7121977-D4E1-4706-8838-372E85A3B8CC}"
EndProject
Global
	GlobalSection(SolutionConfigurationPlatforms) = preSolution
		Debug|Any CPU = Debug|Any CPU
		Release|Any CPU = Release|Any CPU
	EndGlobalSection
	GlobalSection(ProjectConfigurationPlatforms) = postSolution
		{DEEAE912-A90A-4F79-9169-1500DC7F9165}.Debug|Any CPU.ActiveCfg = Debug|Any CPU
		{DEEAE912-A90A-4F79-9169-1500DC7F9165}.Debug|Any CPU.Build.0 = Debug|Any CPU
		{DEEAE912-A90A-4F79-9169-1500DC7F9165}.Release|Any CPU.ActiveCfg = Release|Any CPU
		{DEEAE912-A90A-4F79-9169-1500DC7F9165}.Release|Any CPU.Build.0 = Release|Any CPU
		{2F584C42-301B-4C79-AF4E-D0A50EF0F0BA}.Debug|Any CPU.ActiveCfg = Debug|Any CPU
		{2F584C42-301B-4C79-AF4E-D0A50EF0F0BA}.Debug|Any CPU.Build.0 = Debug|Any CPU
		{2F584C42-301B-4C79-AF4E-D0A50EF0F0BA}.Release|Any CPU.ActiveCfg = Release|Any CPU
		{2F584C42-301B-4C79-AF4E-D0A50EF0F0BA}.Release|Any CPU.Build.0 = Release|Any CPU
		{A7121977-D4E1-4706-8838-372E85A3B8CC}.Debug|Any CPU.ActiveCfg = Debug|Any CPU
		{A7121977-D4E1-4706-8838-372E85A3B8CC}.Debug|Any CPU.Build.0 = Debug|Any CPU
		{A7121977-D4E1-4706-8838-372E85A3B8CC}.Release|Any CPU.ActiveCfg = Release|Any CPU
		{A7121977-D4E1-4706-8838-372E85A3B8CC}.Release|Any CPU.Build.0 = Release|Any CPU
	EndGlobalSection
	GlobalSection(SolutionProperties) = preSolution
		HideSolutionNode = FALSE
	EndGlobalSection
	GlobalSection(ExtensibilityGlobals) = postSolution
		SolutionGuid = {D12CD2CF-2088-45D1-8DA3-B7A5D444D706}
	EndGlobalSection
EndGlobal
